{
  "object": {
    "pins": [
      {
        "package": "StringMetric",
        "repositoryURL": "https://github.com/autozimu/StringMetric.swift.git",
        "state": {
          "branch": null,
          "revision": "ac08419f609e53636bd2d5d140d95d1d14960d6a",
          "version": "0.3.2"
        }
      },
      {
        "package": "swift-argument-parser",
        "repositoryURL": "https://github.com/apple/swift-argument-parser",
        "state": {
          "branch": null,
          "revision": "e394bf350e38cb100b6bc4172834770ede1b7232",
          "version": "1.0.3"
        }
      },
      {
        "package": "Yams",
        "repositoryURL": "https://github.com/jpsim/Yams.git",
        "state": {
          "branch": null,
          "revision": "9ff1cc9327586db4e0c8f46f064b6a82ec1566fa",
          "version": "4.0.6"
        }
      }
    ]
  },
  "version": 1
}
